
Microsoft Visual Studio Solution File, Format Version 12.00
# Visual Studio Version 17
VisualStudioVersion = 17.2.32505.173
MinimumVisualStudioVersion = 10.0.40219.1
Project("{9A19103F-16F7-4668-BE54-9A1E7A4F7556}") = "EFaturaTakip.API", "EFaturaTakip.API\EFaturaTakip.API.csproj", "{2B204A44-5B41-4A37-B339-12A9031AF583}"
EndProject
Project("{9A19103F-16F7-4668-BE54-9A1E7A4F7556}") = "EFaturaTakip.Business", "EFaturaTakip.Business\EFaturaTakip.Business.csproj", "{992BB6A7-4238-48E9-A3A5-3BC09FCFB9F9}"
EndProject
Project("{9A19103F-16F7-4668-BE54-9A1E7A4F7556}") = "EFaturaTakip.DataAccess", "EFaturaTakip.DataAccess\EFaturaTakip.DataAccess.csproj", "{764D4AE4-8F5D-4931-80FF-E6D25E3BDF94}"
EndProject
Project("{9A19103F-16F7-4668-BE54-9A1E7A4F7556}") = "EFaturaTakip.Repository", "EFaturaTakip.Repository\EFaturaTakip.Repository.csproj", "{C2E5CCC5-0E9A-4D9A-9CBA-D16AAB820DA8}"
EndProject
Project("{9A19103F-16F7-4668-BE54-9A1E7A4F7556}") = "EFaturaTakip.Entities", "EFaturaTakip.Entities\EFaturaTakip.Entities.csproj", "{6582D138-6200-4766-AE05-5AB07D52B81A}"
EndProject
Project("{9A19103F-16F7-4668-BE54-9A1E7A4F7556}") = "EFaturaTakip.DTO", "EFaturaTakip.DTO\EFaturaTakip.DTO.csproj", "{ADE017A7-A89F-48A2-839B-CF809F7B1352}"
EndProject
Project("{FAE04EC0-301F-11D3-BF4B-00C04F79EFBC}") = "EFaturaTakip.Exceptions", "EFaturaTakip.Exceptions\EFaturaTakip.Exceptions.csproj", "{1D80E893-0C57-48D5-A289-0D41C5A556B1}"
EndProject
Global
	GlobalSection(SolutionConfigurationPlatforms) = preSolution
		Debug|Any CPU = Debug|Any CPU
		Release|Any CPU = Release|Any CPU
	EndGlobalSection
	GlobalSection(ProjectConfigurationPlatforms) = postSolution
		{2B204A44-5B41-4A37-B339-12A9031AF583}.Debug|Any CPU.ActiveCfg = Debug|Any CPU
		{2B204A44-5B41-4A37-B339-12A9031AF583}.Debug|Any CPU.Build.0 = Debug|Any CPU
		{2B204A44-5B41-4A37-B339-12A9031AF583}.Release|Any CPU.ActiveCfg = Release|Any CPU
		{2B204A44-5B41-4A37-B339-12A9031AF583}.Release|Any CPU.Build.0 = Release|Any CPU
		{992BB6A7-4238-48E9-A3A5-3BC09FCFB9F9}.Debug|Any CPU.ActiveCfg = Debug|Any CPU
		{992BB6A7-4238-48E9-A3A5-3BC09FCFB9F9}.Debug|Any CPU.Build.0 = Debug|Any CPU
		{992BB6A7-4238-48E9-A3A5-3BC09FCFB9F9}.Release|Any CPU.ActiveCfg = Release|Any CPU
		{992BB6A7-4238-48E9-A3A5-3BC09FCFB9F9}.Release|Any CPU.Build.0 = Release|Any CPU
		{764D4AE4-8F5D-4931-80FF-E6D25E3BDF94}.Debug|Any CPU.ActiveCfg = Debug|Any CPU
		{764D4AE4-8F5D-4931-80FF-E6D25E3BDF94}.Debug|Any CPU.Build.0 = Debug|Any CPU
		{764D4AE4-8F5D-4931-80FF-E6D25E3BDF94}.Release|Any CPU.ActiveCfg = Release|Any CPU
		{764D4AE4-8F5D-4931-80FF-E6D25E3BDF94}.Release|Any CPU.Build.0 = Release|Any CPU
		{C2E5CCC5-0E9A-4D9A-9CBA-D16AAB820DA8}.Debug|Any CPU.ActiveCfg = Debug|Any CPU
		{C2E5CCC5-0E9A-4D9A-9CBA-D16AAB820DA8}.Debug|Any CPU.Build.0 = Debug|Any CPU
		{C2E5CCC5-0E9A-4D9A-9CBA-D16AAB820DA8}.Release|Any CPU.ActiveCfg = Release|Any CPU
		{C2E5CCC5-0E9A-4D9A-9CBA-D16AAB820DA8}.Release|Any CPU.Build.0 = Release|Any CPU
		{6582D138-6200-4766-AE05-5AB07D52B81A}.Debug|Any CPU.ActiveCfg = Debug|Any CPU
		{6582D138-6200-4766-AE05-5AB07D52B81A}.Debug|Any CPU.Build.0 = Debug|Any CPU
		{6582D138-6200-4766-AE05-5AB07D52B81A}.Release|Any CPU.ActiveCfg = Release|Any CPU
		{6582D138-6200-4766-AE05-5AB07D52B81A}.Release|Any CPU.Build.0 = Release|Any CPU
		{ADE017A7-A89F-48A2-839B-CF809F7B1352}.Debug|Any CPU.ActiveCfg = Debug|Any CPU
		{ADE017A7-A89F-48A2-839B-CF809F7B1352}.Debug|Any CPU.Build.0 = Debug|Any CPU
		{ADE017A7-A89F-48A2-839B-CF809F7B1352}.Release|Any CPU.ActiveCfg = Release|Any CPU
		{ADE017A7-A89F-48A2-839B-CF809F7B1352}.Release|Any CPU.Build.0 = Release|Any CPU
		{1D80E893-0C57-48D5-A289-0D41C5A556B1}.Debug|Any CPU.ActiveCfg = Debug|Any CPU
		{1D80E893-0C57-48D5-A289-0D41C5A556B1}.Debug|Any CPU.Build.0 = Debug|Any CPU
		{1D80E893-0C57-48D5-A289-0D41C5A556B1}.Release|Any CPU.ActiveCfg = Release|Any CPU
		{1D80E893-0C57-48D5-A289-0D41C5A556B1}.Release|Any CPU.Build.0 = Release|Any CPU
	EndGlobalSection
	GlobalSection(SolutionProperties) = preSolution
		HideSolutionNode = FALSE
	EndGlobalSection
	GlobalSection(ExtensibilityGlobals) = postSolution
		SolutionGuid = {D0A3BACB-89C8-49CC-B7DE-7D195DEBBA2F}
	EndGlobalSection
EndGlobal
